
Microsoft Visual Studio Solution File, Format Version 12.00
# Visual Studio Version 16
VisualStudioVersion = 16.0.29709.97
MinimumVisualStudioVersion = 10.0.40219.1
Project("{FAE04EC0-301F-11D3-BF4B-00C04F79EFBC}") = "WebApplication1", "WebApplication1\WebApplication1.csproj", "{4CCE4C50-0BC0-4B18-B1C3-35B7B517447E}"
EndProject
Global
	GlobalSection(SolutionConfigurationPlatforms) = preSolution
		Debug|Any CPU = Debug|Any CPU
		Release|Any CPU = Release|Any CPU
	EndGlobalSection
	GlobalSection(ProjectConfigurationPlatforms) = postSolution
		{4CCE4C50-0BC0-4B18-B1C3-35B7B517447E}.Debug|Any CPU.ActiveCfg = Debug|Any CPU
		{4CCE4C50-0BC0-4B18-B1C3-35B7B517447E}.Debug|Any CPU.Build.0 = Debug|Any CPU
		{4CCE4C50-0BC0-4B18-B1C3-35B7B517447E}.Release|Any CPU.ActiveCfg = Release|Any CPU
		{4CCE4C50-0BC0-4B18-B1C3-35B7B517447E}.Release|Any CPU.Build.0 = Release|Any CPU
	EndGlobalSection
	GlobalSection(SolutionProperties) = preSolution
		HideSolutionNode = FALSE
	EndGlobalSection
	GlobalSection(ExtensibilityGlobals) = postSolution
		SolutionGuid = {3C0D0652-6330-4FDF-9052-2BF6B32EE84A}
	EndGlobalSection
EndGlobal
